
Microsoft Visual Studio Solution File, Format Version 12.00
# Visual Studio Version 17
VisualStudioVersion = 17.13.35919.96 d17.13
MinimumVisualStudioVersion = 10.0.40219.1
Project("{FAE04EC0-301F-11D3-BF4B-00C04F79EFBC}") = "TravelAgencyBackend", "TravelAgencyBackend\TravelAgencyBackend.csproj", "{BFAE95B5-4154-43EC-938F-B3D8FFE9B822}"
EndProject
Global
	GlobalSection(SolutionConfigurationPlatforms) = preSolution
		Debug|Any CPU = Debug|Any CPU
		Release|Any CPU = Release|Any CPU
	EndGlobalSection
	GlobalSection(ProjectConfigurationPlatforms) = postSolution
		{BFAE95B5-4154-43EC-938F-B3D8FFE9B822}.Debug|Any CPU.ActiveCfg = Debug|Any CPU
		{BFAE95B5-4154-43EC-938F-B3D8FFE9B822}.Debug|Any CPU.Build.0 = Debug|Any CPU
		{BFAE95B5-4154-43EC-938F-B3D8FFE9B822}.Release|Any CPU.ActiveCfg = Release|Any CPU
		{BFAE95B5-4154-43EC-938F-B3D8FFE9B822}.Release|Any CPU.Build.0 = Release|Any CPU
	EndGlobalSection
	GlobalSection(SolutionProperties) = preSolution
		HideSolutionNode = FALSE
	EndGlobalSection
	GlobalSection(ExtensibilityGlobals) = postSolution
		SolutionGuid = {C803984B-72ED-4E73-8EA8-0FC94852A651}
	EndGlobalSection
EndGlobal
